
Microsoft Visual Studio Solution File, Format Version 12.00
# Visual Studio Version 17
VisualStudioVersion = 17.5.33516.290
MinimumVisualStudioVersion = 10.0.40219.1
Project("{9A19103F-16F7-4668-BE54-9A1E7A4F7556}") = "SistemaGestionGimnasioApi", "SistemaGestionGimnasioApi\SistemaGestionGimnasioApi.csproj", "{D1B49168-9F04-4CC1-B648-0CD2ED29E7DA}"
EndProject
Project("{FAE04EC0-301F-11D3-BF4B-00C04F79EFBC}") = "SistemaGimnasioTest", "SistemaGimnasioTest\SistemaGimnasioTest.csproj", "{FAC57736-13C8-48A9-BAA5-468B1B834C67}"
EndProject
Global
	GlobalSection(SolutionConfigurationPlatforms) = preSolution
		Debug|Any CPU = Debug|Any CPU
		Release|Any CPU = Release|Any CPU
	EndGlobalSection
	GlobalSection(ProjectConfigurationPlatforms) = postSolution
		{D1B49168-9F04-4CC1-B648-0CD2ED29E7DA}.Debug|Any CPU.ActiveCfg = Debug|Any CPU
		{D1B49168-9F04-4CC1-B648-0CD2ED29E7DA}.Debug|Any CPU.Build.0 = Debug|Any CPU
		{D1B49168-9F04-4CC1-B648-0CD2ED29E7DA}.Release|Any CPU.ActiveCfg = Release|Any CPU
		{D1B49168-9F04-4CC1-B648-0CD2ED29E7DA}.Release|Any CPU.Build.0 = Release|Any CPU
		{FAC57736-13C8-48A9-BAA5-468B1B834C67}.Debug|Any CPU.ActiveCfg = Debug|Any CPU
		{FAC57736-13C8-48A9-BAA5-468B1B834C67}.Debug|Any CPU.Build.0 = Debug|Any CPU
		{FAC57736-13C8-48A9-BAA5-468B1B834C67}.Release|Any CPU.ActiveCfg = Release|Any CPU
		{FAC57736-13C8-48A9-BAA5-468B1B834C67}.Release|Any CPU.Build.0 = Release|Any CPU
	EndGlobalSection
	GlobalSection(SolutionProperties) = preSolution
		HideSolutionNode = FALSE
	EndGlobalSection
	GlobalSection(ExtensibilityGlobals) = postSolution
		SolutionGuid = {069C9C55-F34E-47F1-9F20-46DAF7B92187}
	EndGlobalSection
EndGlobal
